
Microsoft Visual Studio Solution File, Format Version 12.00
# Visual Studio Version 17
VisualStudioVersion = 17.0.32014.148
MinimumVisualStudioVersion = 10.0.40219.1
Project("{FAE04EC0-301F-11D3-BF4B-00C04F79EFBC}") = "Nkf.Net-4.0", "proj_4.0\Nkf.Net-4.0.csproj", "{2B3E9AEE-A038-45F2-868E-4C080A7AF3FD}"
EndProject
Project("{9A19103F-16F7-4668-BE54-9A1E7A4F7556}") = "Nkf.Net.Core", "proj_std2.0\Nkf.Net.Core.csproj", "{75EF990A-82C2-41C3-B303-84B9D8BD9108}"
EndProject
Project("{2150E333-8FDC-42A3-9474-1A3956D46DE8}") = "Solution Items", "Solution Items", "{7DDF3A83-7C2F-4ABA-AE99-7AD65D76B60A}"
	ProjectSection(SolutionItems) = preProject
		ChangeLog.txt = ChangeLog.txt
		nkf.net.nuspec = nkf.net.nuspec
		readme.txt = readme.txt
		ToDo.txt = ToDo.txt
	EndProjectSection
EndProject
Project("{FAE04EC0-301F-11D3-BF4B-00C04F79EFBC}") = "Nkf.Net.Test", "Test\Nkf.Net.Test.csproj", "{534DC36A-287D-439A-88AE-C24D65DFF8B8}"
EndProject
Project("{FAE04EC0-301F-11D3-BF4B-00C04F79EFBC}") = "Nkf.Net.Core.Test", "Nkf.Net.Core.Test\Nkf.Net.Core.Test.csproj", "{E7C936C4-BD55-4FD8-BE87-8D0E71D5A107}"
EndProject
Global
	GlobalSection(SolutionConfigurationPlatforms) = preSolution
		Debug|Any CPU = Debug|Any CPU
		Release|Any CPU = Release|Any CPU
	EndGlobalSection
	GlobalSection(ProjectConfigurationPlatforms) = postSolution
		{2B3E9AEE-A038-45F2-868E-4C080A7AF3FD}.Debug|Any CPU.ActiveCfg = Debug|Any CPU
		{2B3E9AEE-A038-45F2-868E-4C080A7AF3FD}.Debug|Any CPU.Build.0 = Debug|Any CPU
		{2B3E9AEE-A038-45F2-868E-4C080A7AF3FD}.Release|Any CPU.ActiveCfg = Release|Any CPU
		{2B3E9AEE-A038-45F2-868E-4C080A7AF3FD}.Release|Any CPU.Build.0 = Release|Any CPU
		{75EF990A-82C2-41C3-B303-84B9D8BD9108}.Debug|Any CPU.ActiveCfg = Debug|Any CPU
		{75EF990A-82C2-41C3-B303-84B9D8BD9108}.Debug|Any CPU.Build.0 = Debug|Any CPU
		{75EF990A-82C2-41C3-B303-84B9D8BD9108}.Release|Any CPU.ActiveCfg = Release|Any CPU
		{75EF990A-82C2-41C3-B303-84B9D8BD9108}.Release|Any CPU.Build.0 = Release|Any CPU
		{534DC36A-287D-439A-88AE-C24D65DFF8B8}.Debug|Any CPU.ActiveCfg = Debug|Any CPU
		{534DC36A-287D-439A-88AE-C24D65DFF8B8}.Debug|Any CPU.Build.0 = Debug|Any CPU
		{534DC36A-287D-439A-88AE-C24D65DFF8B8}.Release|Any CPU.ActiveCfg = Release|Any CPU
		{534DC36A-287D-439A-88AE-C24D65DFF8B8}.Release|Any CPU.Build.0 = Release|Any CPU
		{E7C936C4-BD55-4FD8-BE87-8D0E71D5A107}.Debug|Any CPU.ActiveCfg = Debug|Any CPU
		{E7C936C4-BD55-4FD8-BE87-8D0E71D5A107}.Debug|Any CPU.Build.0 = Debug|Any CPU
		{E7C936C4-BD55-4FD8-BE87-8D0E71D5A107}.Release|Any CPU.ActiveCfg = Release|Any CPU
		{E7C936C4-BD55-4FD8-BE87-8D0E71D5A107}.Release|Any CPU.Build.0 = Release|Any CPU
	EndGlobalSection
	GlobalSection(SolutionProperties) = preSolution
		HideSolutionNode = FALSE
	EndGlobalSection
	GlobalSection(ExtensibilityGlobals) = postSolution
		SolutionGuid = {0840C88E-5D89-4185-BF84-B895F35EF1C9}
	EndGlobalSection
EndGlobal
